
Microsoft Visual Studio Solution File, Format Version 12.00
# Visual Studio 15
Project("{FAE04EC0-301F-11D3-BF4B-00C04F79EFBC}") = "Assembly-CSharp", "Assembly-CSharp.csproj", "{97B70ACB-AC31-5B46-9D74-7245655E90FB}"
EndProject
Project("{FAE04EC0-301F-11D3-BF4B-00C04F79EFBC}") = "Assembly-CSharp-Editor", "Assembly-CSharp-Editor.csproj", "{791C5BE9-94C0-EDAD-EAD1-EA546D114327}"
EndProject
Project("{FAE04EC0-301F-11D3-BF4B-00C04F79EFBC}") = "Unity.XR.Interaction.Toolkit.Samples.StarterAssets", "Unity.XR.Interaction.Toolkit.Samples.StarterAssets.csproj", "{01FAF9CD-B974-477B-7208-9BB9B6A011EA}"
EndProject
Global
	GlobalSection(SolutionConfigurationPlatforms) = preSolution
		Debug|Any CPU = Debug|Any CPU
		Release|Any CPU = Release|Any CPU
	EndGlobalSection
	GlobalSection(ProjectConfigurationPlatforms) = postSolution
		{97B70ACB-AC31-5B46-9D74-7245655E90FB}.Debug|Any CPU.ActiveCfg = Debug|Any CPU
		{97B70ACB-AC31-5B46-9D74-7245655E90FB}.Debug|Any CPU.Build.0 = Debug|Any CPU
		{97B70ACB-AC31-5B46-9D74-7245655E90FB}.Release|Any CPU.ActiveCfg = Release|Any CPU
		{97B70ACB-AC31-5B46-9D74-7245655E90FB}.Release|Any CPU.Build.0 = Release|Any CPU
		{791C5BE9-94C0-EDAD-EAD1-EA546D114327}.Debug|Any CPU.ActiveCfg = Debug|Any CPU
		{791C5BE9-94C0-EDAD-EAD1-EA546D114327}.Debug|Any CPU.Build.0 = Debug|Any CPU
		{791C5BE9-94C0-EDAD-EAD1-EA546D114327}.Release|Any CPU.ActiveCfg = Release|Any CPU
		{791C5BE9-94C0-EDAD-EAD1-EA546D114327}.Release|Any CPU.Build.0 = Release|Any CPU
		{01FAF9CD-B974-477B-7208-9BB9B6A011EA}.Debug|Any CPU.ActiveCfg = Debug|Any CPU
		{01FAF9CD-B974-477B-7208-9BB9B6A011EA}.Debug|Any CPU.Build.0 = Debug|Any CPU
		{01FAF9CD-B974-477B-7208-9BB9B6A011EA}.Release|Any CPU.ActiveCfg = Release|Any CPU
		{01FAF9CD-B974-477B-7208-9BB9B6A011EA}.Release|Any CPU.Build.0 = Release|Any CPU
	EndGlobalSection
	GlobalSection(SolutionProperties) = preSolution
		HideSolutionNode = FALSE
	EndGlobalSection
EndGlobal
